
Microsoft Visual Studio Solution File, Format Version 12.00
# Visual Studio Version 17
VisualStudioVersion = 17.14.36429.23 d17.14
MinimumVisualStudioVersion = 10.0.40219.1
Project("{FAE04EC0-301F-11D3-BF4B-00C04F79EFBC}") = "BE", "BE\BE.csproj", "{FA9ABD0F-D7E0-4502-9582-5579CD9756BA}"
EndProject
Global
	GlobalSection(SolutionConfigurationPlatforms) = preSolution
		Debug|Any CPU = Debug|Any CPU
		Release|Any CPU = Release|Any CPU
	EndGlobalSection
	GlobalSection(ProjectConfigurationPlatforms) = postSolution
		{FA9ABD0F-D7E0-4502-9582-5579CD9756BA}.Debug|Any CPU.ActiveCfg = Debug|Any CPU
		{FA9ABD0F-D7E0-4502-9582-5579CD9756BA}.Debug|Any CPU.Build.0 = Debug|Any CPU
		{FA9ABD0F-D7E0-4502-9582-5579CD9756BA}.Release|Any CPU.ActiveCfg = Release|Any CPU
		{FA9ABD0F-D7E0-4502-9582-5579CD9756BA}.Release|Any CPU.Build.0 = Release|Any CPU
	EndGlobalSection
	GlobalSection(SolutionProperties) = preSolution
		HideSolutionNode = FALSE
	EndGlobalSection
	GlobalSection(ExtensibilityGlobals) = postSolution
		SolutionGuid = {8DFEED8E-40EC-4BF3-87B1-3332C63EA27E}
	EndGlobalSection
EndGlobal
